{
  "nodes": {
    "flake-utils": {
      "inputs": {
        "systems": "systems"
      },
      "locked": {
        "lastModified": 1705309234,
        "narHash": "sha256-uNRRNRKmJyCRC/8y1RqBkqWBLM034y4qN7EprSdmgyA=",
        "owner": "numtide",
        "repo": "flake-utils",
        "rev": "1ef2e671c3b0c19053962c07dbda38332dcebf26",
        "type": "github"
      },
      "original": {
        "owner": "numtide",
        "repo": "flake-utils",
        "type": "github"
      }
    },
    "nixpkgs": {
      "locked": {
        "lastModified": 1735743625,
        "narHash": "sha256-++JRvfV68UNxg46pHKNC3OkiPeTgfG4ThgAiVzKIjV4=",
        "owner": "NixOS",
        "repo": "nixpkgs",
        "rev": "499b84731a857527859ec8291f46273d6924caf2",
        "type": "github"
      },
      "original": {
        "owner": "NixOS",
        "repo": "nixpkgs",
        "type": "github"
      }
    },
    "nvim-rooter-src": {
      "flake": false,
      "locked": {
        "lastModified": 1732552422,
        "narHash": "sha256-5I0un0QVQsfQwSF+sLgtkDa7CoZc/FIr5sIbFKcI544=",
        "owner": "notjedi",
        "repo": "nvim-rooter.lua",
        "rev": "7689d05e8ab95acb4b24785253d913c0aae18be9",
        "type": "github"
      },
      "original": {
        "owner": "notjedi",
        "repo": "nvim-rooter.lua",
        "type": "github"
      }
    },
    "root": {
      "inputs": {
        "nixpkgs": "nixpkgs",
        "nvim-rooter-src": "nvim-rooter-src",
        "rust-overlay": "rust-overlay"
      }
    },
    "rust-overlay": {
      "inputs": {
        "flake-utils": "flake-utils",
        "nixpkgs": [
          "nixpkgs"
        ]
      },
      "locked": {
        "lastModified": 1713150335,
        "narHash": "sha256-Ic7zCPfiSYc9nFFp+E44WFk3TBJ99J/uPZ4QXX+uPPw=",
        "owner": "oxalica",
        "repo": "rust-overlay",
        "rev": "b186d85e747e2b7bee220ec95839fb66c868dc47",
        "type": "github"
      },
      "original": {
        "owner": "oxalica",
        "repo": "rust-overlay",
        "type": "github"
      }
    },
    "systems": {
      "locked": {
        "lastModified": 1681028828,
        "narHash": "sha256-Vy1rq5AaRuLzOxct8nz4T6wlgyUR7zLU309k9mBC768=",
        "owner": "nix-systems",
        "repo": "default",
        "rev": "da67096a3b9bf56a91d16901293e51ba5b49a27e",
        "type": "github"
      },
      "original": {
        "owner": "nix-systems",
        "repo": "default",
        "type": "github"
      }
    }
  },
  "root": "root",
  "version": 7
}
